
Microsoft Visual Studio Solution File, Format Version 12.00
# Visual Studio Version 17
VisualStudioVersion = 17.13.35828.75
MinimumVisualStudioVersion = 10.0.40219.1
Project("{FAE04EC0-301F-11D3-BF4B-00C04F79EFBC}") = "ItalcolTurbograneles.Adapters", "ItalcolTurbograneles.Adapters\ItalcolTurbograneles.Adapters.csproj", "{8DF364E0-9A98-475B-A87C-7DBD3607434A}"
EndProject
Project("{FAE04EC0-301F-11D3-BF4B-00C04F79EFBC}") = "ItalcolTurbograneles.Clients", "Italcol.TurboGraneles.Clients\ItalcolTurbograneles.Clients.csproj", "{2BF88BC3-F14C-44AE-ACE9-32A0907560FF}"
EndProject
Project("{FAE04EC0-301F-11D3-BF4B-00C04F79EFBC}") = "Italcol.Turbograneles.Domain", "..\Italcol.Turbograneles.Domain\Italcol.Turbograneles.Domain.csproj", "{92E402A7-52ED-4F03-87C7-878014975D34}"
EndProject
Project("{FAE04EC0-301F-11D3-BF4B-00C04F79EFBC}") = "Italcol.Turbograneles.Application", "..\Italcol.Turbograneles.Application\Italcol.Turbograneles.Application.csproj", "{C0A0369F-562B-401B-BAAC-D0BD0D919241}"
EndProject
Global
	GlobalSection(SolutionConfigurationPlatforms) = preSolution
		Debug|Any CPU = Debug|Any CPU
		Release|Any CPU = Release|Any CPU
	EndGlobalSection
	GlobalSection(ProjectConfigurationPlatforms) = postSolution
		{8DF364E0-9A98-475B-A87C-7DBD3607434A}.Debug|Any CPU.ActiveCfg = Debug|Any CPU
		{8DF364E0-9A98-475B-A87C-7DBD3607434A}.Debug|Any CPU.Build.0 = Debug|Any CPU
		{8DF364E0-9A98-475B-A87C-7DBD3607434A}.Release|Any CPU.ActiveCfg = Release|Any CPU
		{8DF364E0-9A98-475B-A87C-7DBD3607434A}.Release|Any CPU.Build.0 = Release|Any CPU
		{2BF88BC3-F14C-44AE-ACE9-32A0907560FF}.Debug|Any CPU.ActiveCfg = Debug|Any CPU
		{2BF88BC3-F14C-44AE-ACE9-32A0907560FF}.Debug|Any CPU.Build.0 = Debug|Any CPU
		{2BF88BC3-F14C-44AE-ACE9-32A0907560FF}.Release|Any CPU.ActiveCfg = Release|Any CPU
		{2BF88BC3-F14C-44AE-ACE9-32A0907560FF}.Release|Any CPU.Build.0 = Release|Any CPU
		{92E402A7-52ED-4F03-87C7-878014975D34}.Debug|Any CPU.ActiveCfg = Debug|Any CPU
		{92E402A7-52ED-4F03-87C7-878014975D34}.Debug|Any CPU.Build.0 = Debug|Any CPU
		{92E402A7-52ED-4F03-87C7-878014975D34}.Release|Any CPU.ActiveCfg = Release|Any CPU
		{92E402A7-52ED-4F03-87C7-878014975D34}.Release|Any CPU.Build.0 = Release|Any CPU
		{C0A0369F-562B-401B-BAAC-D0BD0D919241}.Debug|Any CPU.ActiveCfg = Debug|Any CPU
		{C0A0369F-562B-401B-BAAC-D0BD0D919241}.Debug|Any CPU.Build.0 = Debug|Any CPU
		{C0A0369F-562B-401B-BAAC-D0BD0D919241}.Release|Any CPU.ActiveCfg = Release|Any CPU
		{C0A0369F-562B-401B-BAAC-D0BD0D919241}.Release|Any CPU.Build.0 = Release|Any CPU
	EndGlobalSection
	GlobalSection(SolutionProperties) = preSolution
		HideSolutionNode = FALSE
	EndGlobalSection
	GlobalSection(ExtensibilityGlobals) = postSolution
		SolutionGuid = {EF9C07EB-A12E-4ED4-8C41-BFF46FCA0EF2}
	EndGlobalSection
EndGlobal
